// !$*UTF8*$!
{
	archiveVersion = 1;
	classes = {
	};
	objectVersion = 50;
	objects = {

/* Begin PBXBuildFile section */
		CCCF596325593E6000B72D30 /* AppDelegate.swift in Sources */ = {isa = PBXBuildFile; fileRef = CCCF596225593E6000B72D30 /* AppDelegate.swift */; };
		CCCF596525593E6000B72D30 /* SceneDelegate.swift in Sources */ = {isa = PBXBuildFile; fileRef = CCCF596425593E6000B72D30 /* SceneDelegate.swift */; };
		CCCF596725593E6000B72D30 /* MainViewController.swift in Sources */ = {isa = PBXBuildFile; fileRef = CCCF596625593E6000B72D30 /* MainViewController.swift */; };
		CCCF596C25593E6300B72D30 /* Assets.xcassets in Resources */ = {isa = PBXBuildFile; fileRef = CCCF596B25593E6300B72D30 /* Assets.xcassets */; };
		CCCF597A2559407C00B72D30 /* MainTableViewCell.swift in Sources */ = {isa = PBXBuildFile; fileRef = CCCF59792559407C00B72D30 /* MainTableViewCell.swift */; };
		CCCF59E8255948D400B72D30 /* ViewModel.swift in Sources */ = {isa = PBXBuildFile; fileRef = CCCF59E7255948D400B72D30 /* ViewModel.swift */; };
		CCCF59EE2559621200B72D30 /* DateFormatter.swift in Sources */ = {isa = PBXBuildFile; fileRef = CCCF59ED2559621200B72D30 /* DateFormatter.swift */; };
		CCCF59F32559622200B72D30 /* Constants.swift in Sources */ = {isa = PBXBuildFile; fileRef = CCCF59F22559622200B72D30 /* Constants.swift */; };
		CCCF59F62559629400B72D30 /* ViewModelConfigurator.swift in Sources */ = {isa = PBXBuildFile; fileRef = CCCF59F52559629400B72D30 /* ViewModelConfigurator.swift */; };
		CCCF59FD2559705500B72D30 /* DetailViewController.swift in Sources */ = {isa = PBXBuildFile; fileRef = CCCF59FC2559705500B72D30 /* DetailViewController.swift */; };
/* End PBXBuildFile section */

/* Begin PBXFileReference section */
		CCCF595F25593E6000B72D30 /* SimpleTable.app */ = {isa = PBXFileReference; explicitFileType = wrapper.application; includeInIndex = 0; path = SimpleTable.app; sourceTree = BUILT_PRODUCTS_DIR; };
		CCCF596225593E6000B72D30 /* AppDelegate.swift */ = {isa = PBXFileReference; lastKnownFileType = sourcecode.swift; path = AppDelegate.swift; sourceTree = "<group>"; };
		CCCF596425593E6000B72D30 /* SceneDelegate.swift */ = {isa = PBXFileReference; lastKnownFileType = sourcecode.swift; path = SceneDelegate.swift; sourceTree = "<group>"; };
		CCCF596625593E6000B72D30 /* MainViewController.swift */ = {isa = PBXFileReference; lastKnownFileType = sourcecode.swift; path = MainViewController.swift; sourceTree = "<group>"; };
		CCCF596B25593E6300B72D30 /* Assets.xcassets */ = {isa = PBXFileReference; lastKnownFileType = folder.assetcatalog; path = Assets.xcassets; sourceTree = "<group>"; };
		CCCF597025593E6300B72D30 /* Info.plist */ = {isa = PBXFileReference; lastKnownFileType = text.plist.xml; path = Info.plist; sourceTree = "<group>"; };
		CCCF59792559407C00B72D30 /* MainTableViewCell.swift */ = {isa = PBXFileReference; lastKnownFileType = sourcecode.swift; path = MainTableViewCell.swift; sourceTree = "<group>"; };
		CCCF59E7255948D400B72D30 /* ViewModel.swift */ = {isa = PBXFileReference; lastKnownFileType = sourcecode.swift; path = ViewModel.swift; sourceTree = "<group>"; };
		CCCF59ED2559621200B72D30 /* DateFormatter.swift */ = {isa = PBXFileReference; lastKnownFileType = sourcecode.swift; path = DateFormatter.swift; sourceTree = "<group>"; };
		CCCF59F22559622200B72D30 /* Constants.swift */ = {isa = PBXFileReference; lastKnownFileType = sourcecode.swift; path = Constants.swift; sourceTree = "<group>"; };
		CCCF59F52559629400B72D30 /* ViewModelConfigurator.swift */ = {isa = PBXFileReference; lastKnownFileType = sourcecode.swift; path = ViewModelConfigurator.swift; sourceTree = "<group>"; };
		CCCF59FC2559705500B72D30 /* DetailViewController.swift */ = {isa = PBXFileReference; lastKnownFileType = sourcecode.swift; path = DetailViewController.swift; sourceTree = "<group>"; };
/* End PBXFileReference section */

/* Begin PBXFrameworksBuildPhase section */
		CCCF595C25593E6000B72D30 /* Frameworks */ = {
			isa = PBXFrameworksBuildPhase;
			buildActionMask = 2147483647;
			files = (
			);
			runOnlyForDeploymentPostprocessing = 0;
		};
/* End PBXFrameworksBuildPhase section */

/* Begin PBXGroup section */
		CCCF595625593E6000B72D30 = {
			isa = PBXGroup;
			children = (
				CCCF596125593E6000B72D30 /* SimpleTable */,
				CCCF596025593E6000B72D30 /* Products */,
			);
			sourceTree = "<group>";
		};
		CCCF596025593E6000B72D30 /* Products */ = {
			isa = PBXGroup;
			children = (
				CCCF595F25593E6000B72D30 /* SimpleTable.app */,
			);
			name = Products;
			sourceTree = "<group>";
		};
		CCCF596125593E6000B72D30 /* SimpleTable */ = {
			isa = PBXGroup;
			children = (
				CCCF596225593E6000B72D30 /* AppDelegate.swift */,
				CCCF596425593E6000B72D30 /* SceneDelegate.swift */,
				CCCF59EA255961B400B72D30 /* MainViewController */,
				CCCF59FB2559704200B72D30 /* DetailViewController */,
				CCCF59EB255961C700B72D30 /* Helpers */,
				CCCF596B25593E6300B72D30 /* Assets.xcassets */,
				CCCF597025593E6300B72D30 /* Info.plist */,
			);
			path = SimpleTable;
			sourceTree = "<group>";
		};
		CCCF59EA255961B400B72D30 /* MainViewController */ = {
			isa = PBXGroup;
			children = (
				CCCF596625593E6000B72D30 /* MainViewController.swift */,
				CCCF59792559407C00B72D30 /* MainTableViewCell.swift */,
				CCCF59EC255961D400B72D30 /* ViewModels */,
			);
			path = MainViewController;
			sourceTree = "<group>";
		};
		CCCF59EB255961C700B72D30 /* Helpers */ = {
			isa = PBXGroup;
			children = (
				CCCF59ED2559621200B72D30 /* DateFormatter.swift */,
				CCCF59F22559622200B72D30 /* Constants.swift */,
			);
			path = Helpers;
			sourceTree = "<group>";
		};
		CCCF59EC255961D400B72D30 /* ViewModels */ = {
			isa = PBXGroup;
			children = (
				CCCF59F52559629400B72D30 /* ViewModelConfigurator.swift */,
				CCCF59E7255948D400B72D30 /* ViewModel.swift */,
			);
			path = ViewModels;
			sourceTree = "<group>";
		};
		CCCF59FB2559704200B72D30 /* DetailViewController */ = {
			isa = PBXGroup;
			children = (
				CCCF59FC2559705500B72D30 /* DetailViewController.swift */,
			);
			path = DetailViewController;
			sourceTree = "<group>";
		};
/* End PBXGroup section */

/* Begin PBXNativeTarget section */
		CCCF595E25593E6000B72D30 /* SimpleTable */ = {
			isa = PBXNativeTarget;
			buildConfigurationList = CCCF597325593E6300B72D30 /* Build configuration list for PBXNativeTarget "SimpleTable" */;
			buildPhases = (
				CCCF595B25593E6000B72D30 /* Sources */,
				CCCF595C25593E6000B72D30 /* Frameworks */,
				CCCF595D25593E6000B72D30 /* Resources */,
			);
			buildRules = (
			);
			dependencies = (
			);
			name = SimpleTable;
			productName = SimpleTable;
			productReference = CCCF595F25593E6000B72D30 /* SimpleTable.app */;
			productType = "com.apple.product-type.application";
		};
/* End PBXNativeTarget section */

/* Begin PBXProject section */
		CCCF595725593E6000B72D30 /* Project object */ = {
			isa = PBXProject;
			attributes = {
				LastSwiftUpdateCheck = 1210;
				LastUpgradeCheck = 1210;
				TargetAttributes = {
					CCCF595E25593E6000B72D30 = {
						CreatedOnToolsVersion = 12.1;
					};
				};
			};
			buildConfigurationList = CCCF595A25593E6000B72D30 /* Build configuration list for PBXProject "SimpleTable" */;
			compatibilityVersion = "Xcode 9.3";
			developmentRegion = en;
			hasScannedForEncodings = 0;
			knownRegions = (
				en,
				Base,
			);
			mainGroup = CCCF595625593E6000B72D30;
			productRefGroup = CCCF596025593E6000B72D30 /* Products */;
			projectDirPath = "";
			projectRoot = "";
			targets = (
				CCCF595E25593E6000B72D30 /* SimpleTable */,
			);
		};
/* End PBXProject section */

/* Begin PBXResourcesBuildPhase section */
		CCCF595D25593E6000B72D30 /* Resources */ = {
			isa = PBXResourcesBuildPhase;
			buildActionMask = 2147483647;
			files = (
				CCCF596C25593E6300B72D30 /* Assets.xcassets in Resources */,
			);
			runOnlyForDeploymentPostprocessing = 0;
		};
/* End PBXResourcesBuildPhase section */

/* Begin PBXSourcesBuildPhase section */
		CCCF595B25593E6000B72D30 /* Sources */ = {
			isa = PBXSourcesBuildPhase;
			buildActionMask = 2147483647;
			files = (
				CCCF59FD2559705500B72D30 /* DetailViewController.swift in Sources */,
				CCCF59E8255948D400B72D30 /* ViewModel.swift in Sources */,
				CCCF596725593E6000B72D30 /* MainViewController.swift in Sources */,
				CCCF59EE2559621200B72D30 /* DateFormatter.swift in Sources */,
				CCCF596325593E6000B72D30 /* AppDelegate.swift in Sources */,
				CCCF59F32559622200B72D30 /* Constants.swift in Sources */,
				CCCF59F62559629400B72D30 /* ViewModelConfigurator.swift in Sources */,
				CCCF597A2559407C00B72D30 /* MainTableViewCell.swift in Sources */,
				CCCF596525593E6000B72D30 /* SceneDelegate.swift in Sources */,
			);
			runOnlyForDeploymentPostprocessing = 0;
		};
/* End PBXSourcesBuildPhase section */

/* Begin XCBuildConfiguration section */
		CCCF597125593E6300B72D30 /* Debug */ = {
			isa = XCBuildConfiguration;
			buildSettings = {
				ALWAYS_SEARCH_USER_PATHS = NO;
				CLANG_ANALYZER_NONNULL = YES;
				CLANG_ANALYZER_NUMBER_OBJECT_CONVERSION = YES_AGGRESSIVE;
				CLANG_CXX_LANGUAGE_STANDARD = "gnu++14";
				CLANG_CXX_LIBRARY = "libc++";
				CLANG_ENABLE_MODULES = YES;
				CLANG_ENABLE_OBJC_ARC = YES;
				CLANG_ENABLE_OBJC_WEAK = YES;
				CLANG_WARN_BLOCK_CAPTURE_AUTORELEASING = YES;
				CLANG_WARN_BOOL_CONVERSION = YES;
				CLANG_WARN_COMMA = YES;
				CLANG_WARN_CONSTANT_CONVERSION = YES;
				CLANG_WARN_DEPRECATED_OBJC_IMPLEMENTATIONS = YES;
				CLANG_WARN_DIRECT_OBJC_ISA_USAGE = YES_ERROR;
				CLANG_WARN_DOCUMENTATION_COMMENTS = YES;
				CLANG_WARN_EMPTY_BODY = YES;
				CLANG_WARN_ENUM_CONVERSION = YES;
				CLANG_WARN_INFINITE_RECURSION = YES;
				CLANG_WARN_INT_CONVERSION = YES;
				CLANG_WARN_NON_LITERAL_NULL_CONVERSION = YES;
				CLANG_WARN_OBJC_IMPLICIT_RETAIN_SELF = YES;
				CLANG_WARN_OBJC_LITERAL_CONVERSION = YES;
				CLANG_WARN_OBJC_ROOT_CLASS = YES_ERROR;
				CLANG_WARN_QUOTED_INCLUDE_IN_FRAMEWORK_HEADER = YES;
				CLANG_WARN_RANGE_LOOP_ANALYSIS = YES;
				CLANG_WARN_STRICT_PROTOTYPES = YES;
				CLANG_WARN_SUSPICIOUS_MOVE = YES;
				CLANG_WARN_UNGUARDED_AVAILABILITY = YES_AGGRESSIVE;
				CLANG_WARN_UNREACHABLE_CODE = YES;
				CLANG_WARN__DUPLICATE_METHOD_MATCH = YES;
				COPY_PHASE_STRIP = NO;
				DEBUG_INFORMATION_FORMAT = dwarf;
				ENABLE_STRICT_OBJC_MSGSEND = YES;
				ENABLE_TESTABILITY = YES;
				GCC_C_LANGUAGE_STANDARD = gnu11;
				GCC_DYNAMIC_NO_PIC = NO;
				GCC_NO_COMMON_BLOCKS = YES;
				GCC_OPTIMIZATION_LEVEL = 0;
				GCC_PREPROCESSOR_DEFINITIONS = (
					"DEBUG=1",
					"$(inherited)",
				);
				GCC_WARN_64_TO_32_BIT_CONVERSION = YES;
				GCC_WARN_ABOUT_RETURN_TYPE = YES_ERROR;
				GCC_WARN_UNDECLARED_SELECTOR = YES;
				GCC_WARN_UNINITIALIZED_AUTOS = YES_AGGRESSIVE;
				GCC_WARN_UNUSED_FUNCTION = YES;
				GCC_WARN_UNUSED_VARIABLE = YES;
				IPHONEOS_DEPLOYMENT_TARGET = 14.1;
				MTL_ENABLE_DEBUG_INFO = INCLUDE_SOURCE;
				MTL_FAST_MATH = YES;
				ONLY_ACTIVE_ARCH = YES;
				SDKROOT = iphoneos;
				SWIFT_ACTIVE_COMPILATION_CONDITIONS = DEBUG;
				SWIFT_OPTIMIZATION_LEVEL = "-Onone";
			};
			name = Debug;
		};
		CCCF597225593E6300B72D30 /* Release */ = {
			isa = XCBuildConfiguration;
			buildSettings = {
				ALWAYS_SEARCH_USER_PATHS = NO;
				CLANG_ANALYZER_NONNULL = YES;
				CLANG_ANALYZER_NUMBER_OBJECT_CONVERSION = YES_AGGRESSIVE;
				CLANG_CXX_LANGUAGE_STANDARD = "gnu++14";
				CLANG_CXX_LIBRARY = "libc++";
				CLANG_ENABLE_MODULES = YES;
				CLANG_ENABLE_OBJC_ARC = YES;
				CLANG_ENABLE_OBJC_WEAK = YES;
				CLANG_WARN_BLOCK_CAPTURE_AUTORELEASING = YES;
				CLANG_WARN_BOOL_CONVERSION = YES;
				CLANG_WARN_COMMA = YES;
				CLANG_WARN_CONSTANT_CONVERSION = YES;
				CLANG_WARN_DEPRECATED_OBJC_IMPLEMENTATIONS = YES;
				CLANG_WARN_DIRECT_OBJC_ISA_USAGE = YES_ERROR;
				CLANG_WARN_DOCUMENTATION_COMMENTS = YES;
				CLANG_WARN_EMPTY_BODY = YES;
				CLANG_WARN_ENUM_CONVERSION = YES;
				CLANG_WARN_INFINITE_RECURSION = YES;
				CLANG_WARN_INT_CONVERSION = YES;
				CLANG_WARN_NON_LITERAL_NULL_CONVERSION = YES;
				CLANG_WARN_OBJC_IMPLICIT_RETAIN_SELF = YES;
				CLANG_WARN_OBJC_LITERAL_CONVERSION = YES;
				CLANG_WARN_OBJC_ROOT_CLASS = YES_ERROR;
				CLANG_WARN_QUOTED_INCLUDE_IN_FRAMEWORK_HEADER = YES;
				CLANG_WARN_RANGE_LOOP_ANALYSIS = YES;
				CLANG_WARN_STRICT_PROTOTYPES = YES;
				CLANG_WARN_SUSPICIOUS_MOVE = YES;
				CLANG_WARN_UNGUARDED_AVAILABILITY = YES_AGGRESSIVE;
				CLANG_WARN_UNREACHABLE_CODE = YES;
				CLANG_WARN__DUPLICATE_METHOD_MATCH = YES;
				COPY_PHASE_STRIP = NO;
				DEBUG_INFORMATION_FORMAT = "dwarf-with-dsym";
				ENABLE_NS_ASSERTIONS = NO;
				ENABLE_STRICT_OBJC_MSGSEND = YES;
				GCC_C_LANGUAGE_STANDARD = gnu11;
				GCC_NO_COMMON_BLOCKS = YES;
				GCC_WARN_64_TO_32_BIT_CONVERSION = YES;
				GCC_WARN_ABOUT_RETURN_TYPE = YES_ERROR;
				GCC_WARN_UNDECLARED_SELECTOR = YES;
				GCC_WARN_UNINITIALIZED_AUTOS = YES_AGGRESSIVE;
				GCC_WARN_UNUSED_FUNCTION = YES;
				GCC_WARN_UNUSED_VARIABLE = YES;
				IPHONEOS_DEPLOYMENT_TARGET = 14.1;
				MTL_ENABLE_DEBUG_INFO = NO;
				MTL_FAST_MATH = YES;
				SDKROOT = iphoneos;
				SWIFT_COMPILATION_MODE = wholemodule;
				SWIFT_OPTIMIZATION_LEVEL = "-O";
				VALIDATE_PRODUCT = YES;
			};
			name = Release;
		};
		CCCF597425593E6300B72D30 /* Debug */ = {
			isa = XCBuildConfiguration;
			buildSettings = {
				ASSETCATALOG_COMPILER_APPICON_NAME = AppIcon;
				ASSETCATALOG_COMPILER_GLOBAL_ACCENT_COLOR_NAME = AccentColor;
				CODE_SIGN_STYLE = Automatic;
				DEVELOPMENT_TEAM = 8FZ2C7K9LV;
				INFOPLIST_FILE = SimpleTable/Info.plist;
				LD_RUNPATH_SEARCH_PATHS = (
					"$(inherited)",
					"@executable_path/Frameworks",
				);
				PRODUCT_BUNDLE_IDENTIFIER = com.azhukov.SimpleTable;
				PRODUCT_NAME = "$(TARGET_NAME)";
				SWIFT_VERSION = 5.0;
				TARGETED_DEVICE_FAMILY = "1,2";
			};
			name = Debug;
		};
		CCCF597525593E6300B72D30 /* Release */ = {
			isa = XCBuildConfiguration;
			buildSettings = {
				ASSETCATALOG_COMPILER_APPICON_NAME = AppIcon;
				ASSETCATALOG_COMPILER_GLOBAL_ACCENT_COLOR_NAME = AccentColor;
				CODE_SIGN_STYLE = Automatic;
				DEVELOPMENT_TEAM = 8FZ2C7K9LV;
				INFOPLIST_FILE = SimpleTable/Info.plist;
				LD_RUNPATH_SEARCH_PATHS = (
					"$(inherited)",
					"@executable_path/Frameworks",
				);
				PRODUCT_BUNDLE_IDENTIFIER = com.azhukov.SimpleTable;
				PRODUCT_NAME = "$(TARGET_NAME)";
				SWIFT_VERSION = 5.0;
				TARGETED_DEVICE_FAMILY = "1,2";
			};
			name = Release;
		};
/* End XCBuildConfiguration section */

/* Begin XCConfigurationList section */
		CCCF595A25593E6000B72D30 /* Build configuration list for PBXProject "SimpleTable" */ = {
			isa = XCConfigurationList;
			buildConfigurations = (
				CCCF597125593E6300B72D30 /* Debug */,
				CCCF597225593E6300B72D30 /* Release */,
			);
			defaultConfigurationIsVisible = 0;
			defaultConfigurationName = Release;
		};
		CCCF597325593E6300B72D30 /* Build configuration list for PBXNativeTarget "SimpleTable" */ = {
			isa = XCConfigurationList;
			buildConfigurations = (
				CCCF597425593E6300B72D30 /* Debug */,
				CCCF597525593E6300B72D30 /* Release */,
			);
			defaultConfigurationIsVisible = 0;
			defaultConfigurationName = Release;
		};
/* End XCConfigurationList section */
	};
	rootObject = CCCF595725593E6000B72D30 /* Project object */;
}
